<?xml version="1.0" encoding="utf-8"?>
<Project ToolsVersion="4.0" xmlns="http://schemas.microsoft.com/developer/msbuild/2003">
  <ItemGroup>
    <Filter Include="소스 파일">
      <UniqueIdentifier>{4FC737F1-C7A5-4376-A066-2A32D752A2FF}</UniqueIdentifier>
      <Extensions>cpp;c;cc;cxx;c++;cppm;ixx;def;odl;idl;hpj;bat;asm;asmx</Extensions>
    </Filter>
    <Filter Include="헤더 파일">
      <UniqueIdentifier>{93995380-89BD-4b04-88EB-625FBE52EBFB}</UniqueIdentifier>
      <Extensions>h;hh;hpp;hxx;h++;hm;inl;inc;ipp;xsd</Extensions>
    </Filter>
    <Filter Include="리소스 파일">
      <UniqueIdentifier>{67DA6AB6-F800-4c08-8B7A-83BB121AAD01}</UniqueIdentifier>
      <Extensions>rc;ico;cur;bmp;dlg;rc2;rct;bin;rgs;gif;jpg;jpeg;jpe;resx;tiff;tif;png;wav;mfcribbon-ms</Extensions>
    </Filter>
    <Filter Include="3rd">
      <UniqueIdentifier>{1e9dd58e-627a-4317-bf7c-bd00f8e53244}</UniqueIdentifier>
    </Filter>
    <Filter Include="Animation">
      <UniqueIdentifier>{97e85d0f-bd29-4d16-a804-1f55b7af550b}</UniqueIdentifier>
    </Filter>
    <Filter Include="DataTables">
      <UniqueIdentifier>{8fb8e942-3c79-4f74-8194-cad7ba6dcde9}</UniqueIdentifier>
    </Filter>
    <Filter Include="Framework">
      <UniqueIdentifier>{b2b6cbcb-7abf-4a26-910a-e8f63b30d0c4}</UniqueIdentifier>
    </Filter>
    <Filter Include="GameObjects">
      <UniqueIdentifier>{cef37455-d96f-4e9b-81c3-345659254ef6}</UniqueIdentifier>
    </Filter>
    <Filter Include="Global">
      <UniqueIdentifier>{1bd88b13-49a8-41d3-82d9-3875c74559a5}</UniqueIdentifier>
    </Filter>
    <Filter Include="Scenes">
      <UniqueIdentifier>{ba0db8f4-84d1-407b-9896-fda6c38b4115}</UniqueIdentifier>
    </Filter>
  </ItemGroup>
  <ItemGroup>
    <ClCompile Include="main.cpp">
      <Filter>소스 파일</Filter>
    </ClCompile>
    <ClCompile Include="Player2.cpp">
      <Filter>소스 파일</Filter>
    </ClCompile>
    <ClCompile Include="AnimationClip.cpp">
      <Filter>Animation</Filter>
    </ClCompile>
    <ClCompile Include="AnimationController.cpp">
      <Filter>Animation</Filter>
    </ClCompile>
    <ClCompile Include="DataTable.cpp">
      <Filter>DataTables</Filter>
    </ClCompile>
    <ClCompile Include="StringTable.cpp">
      <Filter>DataTables</Filter>
    </ClCompile>
    <ClCompile Include="DataTableMgr.cpp">
      <Filter>Framework</Filter>
    </ClCompile>
    <ClCompile Include="Framework.cpp">
      <Filter>Framework</Filter>
    </ClCompile>
    <ClCompile Include="InputMgr.cpp">
      <Filter>Framework</Filter>
    </ClCompile>
    <ClCompile Include="ResourceMgr.cpp">
      <Filter>Framework</Filter>
    </ClCompile>
    <ClCompile Include="SceneMgr.cpp">
      <Filter>Framework</Filter>
    </ClCompile>
    <ClCompile Include="GameObject.cpp">
      <Filter>GameObjects</Filter>
    </ClCompile>
    <ClCompile Include="PlayerTest.cpp">
      <Filter>GameObjects</Filter>
    </ClCompile>
    <ClCompile Include="SpriteEffect.cpp">
      <Filter>GameObjects</Filter>
    </ClCompile>
    <ClCompile Include="SpriteGo.cpp">
      <Filter>GameObjects</Filter>
    </ClCompile>
    <ClCompile Include="Stick.cpp">
      <Filter>GameObjects</Filter>
    </ClCompile>
    <ClCompile Include="VertexArrayGo.cpp">
      <Filter>GameObjects</Filter>
    </ClCompile>
    <ClCompile Include="Variables.cpp">
      <Filter>Global</Filter>
    </ClCompile>
    <ClCompile Include="Utils.cpp">
      <Filter>Global</Filter>
    </ClCompile>
    <ClCompile Include="Scene.cpp">
      <Filter>Scenes</Filter>
    </ClCompile>
    <ClCompile Include="SceneGame.cpp">
      <Filter>Scenes</Filter>
    </ClCompile>
    <ClCompile Include="ShapeGameObj.cpp">
      <Filter>GameObjects</Filter>
    </ClCompile>
    <ClCompile Include="Land.cpp">
      <Filter>GameObjects</Filter>
    </ClCompile>
    <ClCompile Include="Hitbox.cpp">
      <Filter>GameObjects</Filter>
    </ClCompile>
    <ClCompile Include="SceneTitle.cpp">
      <Filter>Scenes</Filter>
    </ClCompile>
    <ClCompile Include="UiButton.cpp">
      <Filter>GameObjects</Filter>
    </ClCompile>
    <ClCompile Include="SceneChooseCharacter.cpp">
      <Filter>Scenes</Filter>
    </ClCompile>
    <ClCompile Include="SceneOption.cpp">
      <Filter>Scenes</Filter>
    </ClCompile>
    <ClCompile Include="SceneEasterEgg.cpp">
      <Filter>Scenes</Filter>
    </ClCompile>
    <ClCompile Include="EggAnimation.cpp">
      <Filter>GameObjects</Filter>
    </ClCompile>
  </ItemGroup>
  <ItemGroup>
    <ClInclude Include="Player2.h">
      <Filter>헤더 파일</Filter>
    </ClInclude>
    <ClInclude Include="stdafx.h">
      <Filter>헤더 파일</Filter>
    </ClInclude>
    <ClInclude Include="rapidcsv.h">
      <Filter>3rd</Filter>
    </ClInclude>
    <ClInclude Include="AnimationClip.h">
      <Filter>Animation</Filter>
    </ClInclude>
    <ClInclude Include="AnimationController.h">
      <Filter>Animation</Filter>
    </ClInclude>
    <ClInclude Include="DataTable.h">
      <Filter>DataTables</Filter>
    </ClInclude>
    <ClInclude Include="StringTable.h">
      <Filter>DataTables</Filter>
    </ClInclude>
    <ClInclude Include="DataTableMgr.h">
      <Filter>Framework</Filter>
    </ClInclude>
    <ClInclude Include="Framework.h">
      <Filter>Framework</Filter>
    </ClInclude>
    <ClInclude Include="InputMgr.h">
      <Filter>Framework</Filter>
    </ClInclude>
    <ClInclude Include="ObjectPool.h">
      <Filter>Framework</Filter>
    </ClInclude>
    <ClInclude Include="SceneMgr.h">
      <Filter>Framework</Filter>
    </ClInclude>
    <ClInclude Include="ResourceMgr.h">
      <Filter>Framework</Filter>
    </ClInclude>
    <ClInclude Include="GameObject.h">
      <Filter>GameObjects</Filter>
    </ClInclude>
    <ClInclude Include="PlayerTest.h">
      <Filter>GameObjects</Filter>
    </ClInclude>
    <ClInclude Include="SpriteEffect.h">
      <Filter>GameObjects</Filter>
    </ClInclude>
    <ClInclude Include="SpriteGo.h">
      <Filter>GameObjects</Filter>
    </ClInclude>
    <ClInclude Include="Stick.h">
      <Filter>GameObjects</Filter>
    </ClInclude>
    <ClInclude Include="VertexArrayGo.h">
      <Filter>GameObjects</Filter>
    </ClInclude>
    <ClInclude Include="Defines.h">
      <Filter>Global</Filter>
    </ClInclude>
    <ClInclude Include="Singleton.h">
      <Filter>Global</Filter>
    </ClInclude>
    <ClInclude Include="Utils.h">
      <Filter>Global</Filter>
    </ClInclude>
    <ClInclude Include="Variables.h">
      <Filter>Global</Filter>
    </ClInclude>
    <ClInclude Include="Scene.h">
      <Filter>Scenes</Filter>
    </ClInclude>
    <ClInclude Include="ShapeGameObj.h">
      <Filter>GameObjects</Filter>
    </ClInclude>
    <ClInclude Include="Land.h">
      <Filter>GameObjects</Filter>
    </ClInclude>
    <ClInclude Include="Hitbox.h">
      <Filter>GameObjects</Filter>
    </ClInclude>
    <ClInclude Include="SceneGame.h">
      <Filter>Scenes</Filter>
    </ClInclude>
    <ClInclude Include="SceneTitle.h">
      <Filter>Scenes</Filter>
    </ClInclude>
    <ClInclude Include="UiButton.h">
      <Filter>GameObjects</Filter>
    </ClInclude>
    <ClInclude Include="SceneChooseCharacter.h">
      <Filter>Scenes</Filter>
    </ClInclude>
    <ClInclude Include="SceneOption.h">
      <Filter>Scenes</Filter>
    </ClInclude>
    <ClInclude Include="SceneEasterEgg.h">
      <Filter>Scenes</Filter>
    </ClInclude>
    <ClInclude Include="EggAnimation.h">
      <Filter>GameObjects</Filter>
    </ClInclude>
  </ItemGroup>
</Project>